
Microsoft Visual Studio Solution File, Format Version 12.00
# Visual Studio Version 17
VisualStudioVersion = 17.11.35303.130
MinimumVisualStudioVersion = 10.0.40219.1
Project("{FAE04EC0-301F-11D3-BF4B-00C04F79EFBC}") = "FoodQualityAnalyzer", "FoodQualityAnalyzer\FoodQualityAnalyzer.csproj", "{2A682093-4BAB-4C8E-8226-33FE4830157D}"
EndProject
Project("{FAE04EC0-301F-11D3-BF4B-00C04F79EFBC}") = "Model", "Model\Model.csproj", "{6E69AE96-9B43-4604-8C24-2C7BD4A490B7}"
EndProject
Global
	GlobalSection(SolutionConfigurationPlatforms) = preSolution
		Debug|Any CPU = Debug|Any CPU
		Release|Any CPU = Release|Any CPU
	EndGlobalSection
	GlobalSection(ProjectConfigurationPlatforms) = postSolution
		{2A682093-4BAB-4C8E-8226-33FE4830157D}.Debug|Any CPU.ActiveCfg = Debug|Any CPU
		{2A682093-4BAB-4C8E-8226-33FE4830157D}.Debug|Any CPU.Build.0 = Debug|Any CPU
		{2A682093-4BAB-4C8E-8226-33FE4830157D}.Release|Any CPU.ActiveCfg = Release|Any CPU
		{2A682093-4BAB-4C8E-8226-33FE4830157D}.Release|Any CPU.Build.0 = Release|Any CPU
		{6E69AE96-9B43-4604-8C24-2C7BD4A490B7}.Debug|Any CPU.ActiveCfg = Debug|Any CPU
		{6E69AE96-9B43-4604-8C24-2C7BD4A490B7}.Debug|Any CPU.Build.0 = Debug|Any CPU
		{6E69AE96-9B43-4604-8C24-2C7BD4A490B7}.Release|Any CPU.ActiveCfg = Release|Any CPU
		{6E69AE96-9B43-4604-8C24-2C7BD4A490B7}.Release|Any CPU.Build.0 = Release|Any CPU
	EndGlobalSection
	GlobalSection(SolutionProperties) = preSolution
		HideSolutionNode = FALSE
	EndGlobalSection
	GlobalSection(ExtensibilityGlobals) = postSolution
		SolutionGuid = {3C70BF51-7D4A-4503-ACBA-6824F2722465}
	EndGlobalSection
EndGlobal
